Microsoft Visual Studio Solution File, Format Version 12.00
# Visual Studio 15
VisualStudioVersion = 15.0.27130.2027
MinimumVisualStudioVersion = 15.0.26124.0
Project("{9A19103F-16F7-4668-BE54-9A1E7A4F7556}") = "Armadillo.Server", "Armadillo.Server\Armadillo.Server.csproj", "{28BA9B0E-4B93-49FE-88D5-C4CFFBAFC152}"
EndProject
Project("{9A19103F-16F7-4668-BE54-9A1E7A4F7556}") = "Armadillo.Client", "Armadillo.Client\Armadillo.Client.csproj", "{6E9ECA24-4D6F-4F36-BB16-44181D27003B}"
EndProject
Project("{9A19103F-16F7-4668-BE54-9A1E7A4F7556}") = "Armadillo.Shared", "Armadillo.Shared\Armadillo.Shared.csproj", "{15C6649E-A354-4D2D-A64C-D019319ABB32}"
EndProject
Project("{FAE04EC0-301F-11D3-BF4B-00C04F79EFBC}") = "Armadillo.Chart", "Armadillo.Chart\Armadillo.Chart.csproj", "{21FFF635-2B20-450E-AB1F-1AC497D961DC}"
EndProject
Project("{FAE04EC0-301F-11D3-BF4B-00C04F79EFBC}") = "Armadillo.Siebel", "Armadillo.Siebel\Armadillo.Siebel.csproj", "{8ED69AF9-AF56-4DDF-BC9A-E41108365A31}"
EndProject
Project("{FAE04EC0-301F-11D3-BF4B-00C04F79EFBC}") = "Armadillo.Siebel.Tests", "Armadillo.Siebel.Tests\Armadillo.Siebel.Tests.csproj", "{0B3D6999-0C37-4E5A-B818-9C31B2B97630}"
EndProject
Project("{FAE04EC0-301F-11D3-BF4B-00C04F79EFBC}") = "Armadillo.Agent", "Armadillo.Agent\Armadillo.Agent.csproj", "{FABF2EFA-613D-45E2-A1A2-E7CCFD146781}"
EndProject
Global
	GlobalSection(SolutionConfigurationPlatforms) = preSolution
		Debug|Any CPU = Debug|Any CPU
		Debug|x64 = Debug|x64
		Debug|x86 = Debug|x86
		Release|Any CPU = Release|Any CPU
		Release|x64 = Release|x64
		Release|x86 = Release|x86
	EndGlobalSection
	GlobalSection(ProjectConfigurationPlatforms) = postSolution
		{6E9ECA24-4D6F-4F36-BB16-44181D27003B}.Debug|Any CPU.ActiveCfg = Debug|Any CPU
		{6E9ECA24-4D6F-4F36-BB16-44181D27003B}.Debug|Any CPU.Build.0 = Debug|Any CPU
		{6E9ECA24-4D6F-4F36-BB16-44181D27003B}.Debug|x64.ActiveCfg = Debug|Any CPU
		{6E9ECA24-4D6F-4F36-BB16-44181D27003B}.Debug|x64.Build.0 = Debug|Any CPU
		{6E9ECA24-4D6F-4F36-BB16-44181D27003B}.Debug|x86.ActiveCfg = Debug|Any CPU
		{6E9ECA24-4D6F-4F36-BB16-44181D27003B}.Debug|x86.Build.0 = Debug|Any CPU
		{6E9ECA24-4D6F-4F36-BB16-44181D27003B}.Release|Any CPU.ActiveCfg = Release|Any CPU
		{6E9ECA24-4D6F-4F36-BB16-44181D27003B}.Release|Any CPU.Build.0 = Release|Any CPU
		{6E9ECA24-4D6F-4F36-BB16-44181D27003B}.Release|x64.ActiveCfg = Release|Any CPU
		{6E9ECA24-4D6F-4F36-BB16-44181D27003B}.Release|x64.Build.0 = Release|Any CPU
		{6E9ECA24-4D6F-4F36-BB16-44181D27003B}.Release|x86.ActiveCfg = Release|Any CPU
		{6E9ECA24-4D6F-4F36-BB16-44181D27003B}.Release|x86.Build.0 = Release|Any CPU
		{28BA9B0E-4B93-49FE-88D5-C4CFFBAFC152}.Debug|Any CPU.ActiveCfg = Debug|Any CPU
		{28BA9B0E-4B93-49FE-88D5-C4CFFBAFC152}.Debug|Any CPU.Build.0 = Debug|Any CPU
		{28BA9B0E-4B93-49FE-88D5-C4CFFBAFC152}.Debug|x64.ActiveCfg = Debug|Any CPU
		{28BA9B0E-4B93-49FE-88D5-C4CFFBAFC152}.Debug|x64.Build.0 = Debug|Any CPU
		{28BA9B0E-4B93-49FE-88D5-C4CFFBAFC152}.Debug|x86.ActiveCfg = Debug|Any CPU
		{28BA9B0E-4B93-49FE-88D5-C4CFFBAFC152}.Debug|x86.Build.0 = Debug|Any CPU
		{28BA9B0E-4B93-49FE-88D5-C4CFFBAFC152}.Release|Any CPU.ActiveCfg = Release|Any CPU
		{28BA9B0E-4B93-49FE-88D5-C4CFFBAFC152}.Release|Any CPU.Build.0 = Release|Any CPU
		{28BA9B0E-4B93-49FE-88D5-C4CFFBAFC152}.Release|x64.ActiveCfg = Release|Any CPU
		{28BA9B0E-4B93-49FE-88D5-C4CFFBAFC152}.Release|x64.Build.0 = Release|Any CPU
		{28BA9B0E-4B93-49FE-88D5-C4CFFBAFC152}.Release|x86.ActiveCfg = Release|Any CPU
		{28BA9B0E-4B93-49FE-88D5-C4CFFBAFC152}.Release|x86.Build.0 = Release|Any CPU
		{15C6649E-A354-4D2D-A64C-D019319ABB32}.Debug|Any CPU.ActiveCfg = Debug|Any CPU
		{15C6649E-A354-4D2D-A64C-D019319ABB32}.Debug|Any CPU.Build.0 = Debug|Any CPU
		{15C6649E-A354-4D2D-A64C-D019319ABB32}.Debug|x64.ActiveCfg = Debug|Any CPU
		{15C6649E-A354-4D2D-A64C-D019319ABB32}.Debug|x64.Build.0 = Debug|Any CPU
		{15C6649E-A354-4D2D-A64C-D019319ABB32}.Debug|x86.ActiveCfg = Debug|Any CPU
		{15C6649E-A354-4D2D-A64C-D019319ABB32}.Debug|x86.Build.0 = Debug|Any CPU
		{15C6649E-A354-4D2D-A64C-D019319ABB32}.Release|Any CPU.ActiveCfg = Release|Any CPU
		{15C6649E-A354-4D2D-A64C-D019319ABB32}.Release|Any CPU.Build.0 = Release|Any CPU
		{15C6649E-A354-4D2D-A64C-D019319ABB32}.Release|x64.ActiveCfg = Release|Any CPU
		{15C6649E-A354-4D2D-A64C-D019319ABB32}.Release|x64.Build.0 = Release|Any CPU
		{15C6649E-A354-4D2D-A64C-D019319ABB32}.Release|x86.ActiveCfg = Release|Any CPU
		{15C6649E-A354-4D2D-A64C-D019319ABB32}.Release|x86.Build.0 = Release|Any CPU
		{21FFF635-2B20-450E-AB1F-1AC497D961DC}.Debug|Any CPU.ActiveCfg = Debug|Any CPU
		{21FFF635-2B20-450E-AB1F-1AC497D961DC}.Debug|Any CPU.Build.0 = Debug|Any CPU
		{21FFF635-2B20-450E-AB1F-1AC497D961DC}.Debug|x64.ActiveCfg = Debug|Any CPU
		{21FFF635-2B20-450E-AB1F-1AC497D961DC}.Debug|x64.Build.0 = Debug|Any CPU
		{21FFF635-2B20-450E-AB1F-1AC497D961DC}.Debug|x86.ActiveCfg = Debug|Any CPU
		{21FFF635-2B20-450E-AB1F-1AC497D961DC}.Debug|x86.Build.0 = Debug|Any CPU
		{21FFF635-2B20-450E-AB1F-1AC497D961DC}.Release|Any CPU.ActiveCfg = Release|Any CPU
		{21FFF635-2B20-450E-AB1F-1AC497D961DC}.Release|Any CPU.Build.0 = Release|Any CPU
		{21FFF635-2B20-450E-AB1F-1AC497D961DC}.Release|x64.ActiveCfg = Release|Any CPU
		{21FFF635-2B20-450E-AB1F-1AC497D961DC}.Release|x64.Build.0 = Release|Any CPU
		{21FFF635-2B20-450E-AB1F-1AC497D961DC}.Release|x86.ActiveCfg = Release|Any CPU
		{21FFF635-2B20-450E-AB1F-1AC497D961DC}.Release|x86.Build.0 = Release|Any CPU
		{8ED69AF9-AF56-4DDF-BC9A-E41108365A31}.Debug|Any CPU.ActiveCfg = Debug|Any CPU
		{8ED69AF9-AF56-4DDF-BC9A-E41108365A31}.Debug|Any CPU.Build.0 = Debug|Any CPU
		{8ED69AF9-AF56-4DDF-BC9A-E41108365A31}.Debug|x64.ActiveCfg = Debug|Any CPU
		{8ED69AF9-AF56-4DDF-BC9A-E41108365A31}.Debug|x64.Build.0 = Debug|Any CPU
		{8ED69AF9-AF56-4DDF-BC9A-E41108365A31}.Debug|x86.ActiveCfg = Debug|Any CPU
		{8ED69AF9-AF56-4DDF-BC9A-E41108365A31}.Debug|x86.Build.0 = Debug|Any CPU
		{8ED69AF9-AF56-4DDF-BC9A-E41108365A31}.Release|Any CPU.ActiveCfg = Release|Any CPU
		{8ED69AF9-AF56-4DDF-BC9A-E41108365A31}.Release|Any CPU.Build.0 = Release|Any CPU
		{8ED69AF9-AF56-4DDF-BC9A-E41108365A31}.Release|x64.ActiveCfg = Release|Any CPU
		{8ED69AF9-AF56-4DDF-BC9A-E41108365A31}.Release|x64.Build.0 = Release|Any CPU
		{8ED69AF9-AF56-4DDF-BC9A-E41108365A31}.Release|x86.ActiveCfg = Release|Any CPU
		{8ED69AF9-AF56-4DDF-BC9A-E41108365A31}.Release|x86.Build.0 = Release|Any CPU
		{0B3D6999-0C37-4E5A-B818-9C31B2B97630}.Debug|Any CPU.ActiveCfg = Debug|Any CPU
		{0B3D6999-0C37-4E5A-B818-9C31B2B97630}.Debug|Any CPU.Build.0 = Debug|Any CPU
		{0B3D6999-0C37-4E5A-B818-9C31B2B97630}.Debug|x64.ActiveCfg = Debug|Any CPU
		{0B3D6999-0C37-4E5A-B818-9C31B2B97630}.Debug|x64.Build.0 = Debug|Any CPU
		{0B3D6999-0C37-4E5A-B818-9C31B2B97630}.Debug|x86.ActiveCfg = Debug|Any CPU
		{0B3D6999-0C37-4E5A-B818-9C31B2B97630}.Debug|x86.Build.0 = Debug|Any CPU
		{0B3D6999-0C37-4E5A-B818-9C31B2B97630}.Release|Any CPU.ActiveCfg = Release|Any CPU
		{0B3D6999-0C37-4E5A-B818-9C31B2B97630}.Release|Any CPU.Build.0 = Release|Any CPU
		{0B3D6999-0C37-4E5A-B818-9C31B2B97630}.Release|x64.ActiveCfg = Release|Any CPU
		{0B3D6999-0C37-4E5A-B818-9C31B2B97630}.Release|x64.Build.0 = Release|Any CPU
		{0B3D6999-0C37-4E5A-B818-9C31B2B97630}.Release|x86.ActiveCfg = Release|Any CPU
		{0B3D6999-0C37-4E5A-B818-9C31B2B97630}.Release|x86.Build.0 = Release|Any CPU
		{FABF2EFA-613D-45E2-A1A2-E7CCFD146781}.Debug|Any CPU.ActiveCfg = Debug|Any CPU
		{FABF2EFA-613D-45E2-A1A2-E7CCFD146781}.Debug|Any CPU.Build.0 = Debug|Any CPU
		{FABF2EFA-613D-45E2-A1A2-E7CCFD146781}.Debug|x64.ActiveCfg = Debug|Any CPU
		{FABF2EFA-613D-45E2-A1A2-E7CCFD146781}.Debug|x64.Build.0 = Debug|Any CPU
		{FABF2EFA-613D-45E2-A1A2-E7CCFD146781}.Debug|x86.ActiveCfg = Debug|Any CPU
		{FABF2EFA-613D-45E2-A1A2-E7CCFD146781}.Debug|x86.Build.0 = Debug|Any CPU
		{FABF2EFA-613D-45E2-A1A2-E7CCFD146781}.Release|Any CPU.ActiveCfg = Release|Any CPU
		{FABF2EFA-613D-45E2-A1A2-E7CCFD146781}.Release|Any CPU.Build.0 = Release|Any CPU
		{FABF2EFA-613D-45E2-A1A2-E7CCFD146781}.Release|x64.ActiveCfg = Release|Any CPU
		{FABF2EFA-613D-45E2-A1A2-E7CCFD146781}.Release|x64.Build.0 = Release|Any CPU
		{FABF2EFA-613D-45E2-A1A2-E7CCFD146781}.Release|x86.ActiveCfg = Release|Any CPU
		{FABF2EFA-613D-45E2-A1A2-E7CCFD146781}.Release|x86.Build.0 = Release|Any CPU
	EndGlobalSection
	GlobalSection(SolutionProperties) = preSolution
		HideSolutionNode = FALSE
	EndGlobalSection
	GlobalSection(ExtensibilityGlobals) = postSolution
		SolutionGuid = {7D69C5A9-CD29-485F-AD34-8E9ED43F557D}
	EndGlobalSection
EndGlobal
